
Microsoft Visual Studio Solution File, Format Version 12.00
# Visual Studio 2012
Project("{FAE04EC0-301F-11D3-BF4B-00C04F79EFBC}") = "AllShowMVCApplication", "AllShowMVCApplication\AllShowMVCApplication.csproj", "{623DF444-D610-427D-A564-98C9C6046ABD}"
EndProject
Global
	GlobalSection(SolutionConfigurationPlatforms) = preSolution
		Debug|Any CPU = Debug|Any CPU
		Release|Any CPU = Release|Any CPU
	EndGlobalSection
	GlobalSection(ProjectConfigurationPlatforms) = postSolution
		{623DF444-D610-427D-A564-98C9C6046ABD}.Debug|Any CPU.ActiveCfg = Debug|Any CPU
		{623DF444-D610-427D-A564-98C9C6046ABD}.Debug|Any CPU.Build.0 = Debug|Any CPU
		{623DF444-D610-427D-A564-98C9C6046ABD}.Release|Any CPU.ActiveCfg = Release|Any CPU
		{623DF444-D610-427D-A564-98C9C6046ABD}.Release|Any CPU.Build.0 = Release|Any CPU
	EndGlobalSection
	GlobalSection(SolutionProperties) = preSolution
		HideSolutionNode = FALSE
	EndGlobalSection
EndGlobal
